
Microsoft Visual Studio Solution File, Format Version 12.00
# Visual Studio Version 16
VisualStudioVersion = 16.0.31829.152
MinimumVisualStudioVersion = 10.0.40219.1
Project("{8BC9CEB8-8B4A-11D0-8D11-00A0C91BC942}") = "OEvents", "OEvents\OEvents.vcxproj", "{BA02E007-DAF1-4B01-BB0B-56E6B6FFFE6B}"
EndProject
Global
	GlobalSection(SolutionConfigurationPlatforms) = preSolution
		Debug|x64 = Debug|x64
		Release|x64 = Release|x64
	EndGlobalSection
	GlobalSection(ProjectConfigurationPlatforms) = postSolution
		{BA02E007-DAF1-4B01-BB0B-56E6B6FFFE6B}.Debug|x64.ActiveCfg = Debug|x64
		{BA02E007-DAF1-4B01-BB0B-56E6B6FFFE6B}.Debug|x64.Build.0 = Debug|x64
		{BA02E007-DAF1-4B01-BB0B-56E6B6FFFE6B}.Release|x64.ActiveCfg = Release|x64
		{BA02E007-DAF1-4B01-BB0B-56E6B6FFFE6B}.Release|x64.Build.0 = Release|x64
	EndGlobalSection
	GlobalSection(SolutionProperties) = preSolution
		HideSolutionNode = FALSE
	EndGlobalSection
	GlobalSection(ExtensibilityGlobals) = postSolution
		SolutionGuid = {F9D5BBED-8AA4-4FBB-A685-0811216F5F29}
	EndGlobalSection
EndGlobal
