
Microsoft Visual Studio Solution File, Format Version 12.00
# Visual Studio Version 16
VisualStudioVersion = 16.0.31829.152
MinimumVisualStudioVersion = 10.0.40219.1
Project("{8BC9CEB8-8B4A-11D0-8D11-00A0C91BC942}") = "APP", "APP\APP.vcxproj", "{7471A2F1-2424-45F9-9A6C-CBACBA20CD42}"
EndProject
Global
	GlobalSection(SolutionConfigurationPlatforms) = preSolution
		Debug|x64 = Debug|x64
		Release|x64 = Release|x64
	EndGlobalSection
	GlobalSection(ProjectConfigurationPlatforms) = postSolution
		{7471A2F1-2424-45F9-9A6C-CBACBA20CD42}.Debug|x64.ActiveCfg = Debug|x64
		{7471A2F1-2424-45F9-9A6C-CBACBA20CD42}.Debug|x64.Build.0 = Debug|x64
		{7471A2F1-2424-45F9-9A6C-CBACBA20CD42}.Release|x64.ActiveCfg = Release|x64
		{7471A2F1-2424-45F9-9A6C-CBACBA20CD42}.Release|x64.Build.0 = Release|x64
	EndGlobalSection
	GlobalSection(SolutionProperties) = preSolution
		HideSolutionNode = FALSE
	EndGlobalSection
	GlobalSection(ExtensibilityGlobals) = postSolution
		SolutionGuid = {59763406-F873-494F-AA37-9C9AEF1A22EC}
	EndGlobalSection
EndGlobal
